
Microsoft Visual Studio Solution File, Format Version 12.00
# Visual Studio 15
VisualStudioVersion = 15.0.27130.2027
MinimumVisualStudioVersion = 10.0.40219.1
Project("{9A19103F-16F7-4668-BE54-9A1E7A4F7556}") = "BibliotecaApi", "BibliotecaApi\BibliotecaApi.csproj", "{F9C4346F-896B-4C94-9CD0-C1E9222C7DA5}"
EndProject
Project("{9A19103F-16F7-4668-BE54-9A1E7A4F7556}") = "Biblioteca.Data", "Biblioteca.Data\Biblioteca.Data.csproj", "{99BBABF5-9D55-4D63-A3D4-F3DE6C9CD411}"
EndProject
Project("{9A19103F-16F7-4668-BE54-9A1E7A4F7556}") = "Biblioteca.Repository", "Biblioteca.Repository\Biblioteca.Repository.csproj", "{5AAA64A8-0B1A-40F6-B644-C022DC463382}"
EndProject
Project("{9A19103F-16F7-4668-BE54-9A1E7A4F7556}") = "Biblioteca.Service", "Biblioteca.Service\Biblioteca.Service.csproj", "{A39CB8AE-B9B2-4E63-9DAF-E5D512DB805F}"
EndProject
Global
	GlobalSection(SolutionConfigurationPlatforms) = preSolution
		Debug|Any CPU = Debug|Any CPU
		Release|Any CPU = Release|Any CPU
	EndGlobalSection
	GlobalSection(ProjectConfigurationPlatforms) = postSolution
		{F9C4346F-896B-4C94-9CD0-C1E9222C7DA5}.Debug|Any CPU.ActiveCfg = Debug|Any CPU
		{F9C4346F-896B-4C94-9CD0-C1E9222C7DA5}.Debug|Any CPU.Build.0 = Debug|Any CPU
		{F9C4346F-896B-4C94-9CD0-C1E9222C7DA5}.Release|Any CPU.ActiveCfg = Release|Any CPU
		{F9C4346F-896B-4C94-9CD0-C1E9222C7DA5}.Release|Any CPU.Build.0 = Release|Any CPU
		{99BBABF5-9D55-4D63-A3D4-F3DE6C9CD411}.Debug|Any CPU.ActiveCfg = Debug|Any CPU
		{99BBABF5-9D55-4D63-A3D4-F3DE6C9CD411}.Debug|Any CPU.Build.0 = Debug|Any CPU
		{99BBABF5-9D55-4D63-A3D4-F3DE6C9CD411}.Release|Any CPU.ActiveCfg = Release|Any CPU
		{99BBABF5-9D55-4D63-A3D4-F3DE6C9CD411}.Release|Any CPU.Build.0 = Release|Any CPU
		{5AAA64A8-0B1A-40F6-B644-C022DC463382}.Debug|Any CPU.ActiveCfg = Debug|Any CPU
		{5AAA64A8-0B1A-40F6-B644-C022DC463382}.Debug|Any CPU.Build.0 = Debug|Any CPU
		{5AAA64A8-0B1A-40F6-B644-C022DC463382}.Release|Any CPU.ActiveCfg = Release|Any CPU
		{5AAA64A8-0B1A-40F6-B644-C022DC463382}.Release|Any CPU.Build.0 = Release|Any CPU
		{A39CB8AE-B9B2-4E63-9DAF-E5D512DB805F}.Debug|Any CPU.ActiveCfg = Debug|Any CPU
		{A39CB8AE-B9B2-4E63-9DAF-E5D512DB805F}.Debug|Any CPU.Build.0 = Debug|Any CPU
		{A39CB8AE-B9B2-4E63-9DAF-E5D512DB805F}.Release|Any CPU.ActiveCfg = Release|Any CPU
		{A39CB8AE-B9B2-4E63-9DAF-E5D512DB805F}.Release|Any CPU.Build.0 = Release|Any CPU
	EndGlobalSection
	GlobalSection(SolutionProperties) = preSolution
		HideSolutionNode = FALSE
	EndGlobalSection
	GlobalSection(ExtensibilityGlobals) = postSolution
		SolutionGuid = {DA5676D9-C01D-49F0-91AD-6771C05D4FBE}
	EndGlobalSection
EndGlobal
